Microsoft Visual Studio Solution File, Format Version 11.00
# Visual Studio 16
Project("{FAE04EC0-301F-11D3-BF4B-00C04F79EFBC}") = "Point3DChart", "Point3DChart.Net5.csproj", "{B930532D-6A97-4060-989C-F1F0670D88EA}"
EndProject
Global
	GlobalSection(SolutionConfigurationPlatforms) = preSolution
		Debug|Any CPU = Debug|Any CPU
		Release|Any CPU = Release|Any CPU
	EndGlobalSection
	GlobalSection(ProjectConfigurationPlatforms) = postSolution
		{B930532D-6A97-4060-989C-F1F0670D88EA}.Debug|Any CPU.ActiveCfg = Debug|Any CPU
		{B930532D-6A97-4060-989C-F1F0670D88EA}.Debug|Any CPU.Build.0 = Debug|Any CPU
		{B930532D-6A97-4060-989C-F1F0670D88EA}.Release|Any CPU.ActiveCfg = Release|Any CPU
		{B930532D-6A97-4060-989C-F1F0670D88EA}.Release|Any CPU.Build.0 = Release|Any CPU
	EndGlobalSection
	GlobalSection(SolutionProperties) = preSolution
		HideSolutionNode = FALSE
	EndGlobalSection
EndGlobal
